
Microsoft Visual Studio Solution File, Format Version 12.00
# Visual Studio Version 16
VisualStudioVersion = 16.0.33027.164
MinimumVisualStudioVersion = 10.0.40219.1
Project("{FAE04EC0-301F-11D3-BF4B-00C04F79EFBC}") = "Aula2_ Ex1", "Aula2_ Ex1.csproj", "{F391B088-1410-4D07-9177-47B53DE09C0A}"
EndProject
Global
	GlobalSection(SolutionConfigurationPlatforms) = preSolution
		Debug|Any CPU = Debug|Any CPU
		Release|Any CPU = Release|Any CPU
	EndGlobalSection
	GlobalSection(ProjectConfigurationPlatforms) = postSolution
		{F391B088-1410-4D07-9177-47B53DE09C0A}.Debug|Any CPU.ActiveCfg = Debug|Any CPU
		{F391B088-1410-4D07-9177-47B53DE09C0A}.Debug|Any CPU.Build.0 = Debug|Any CPU
		{F391B088-1410-4D07-9177-47B53DE09C0A}.Release|Any CPU.ActiveCfg = Release|Any CPU
		{F391B088-1410-4D07-9177-47B53DE09C0A}.Release|Any CPU.Build.0 = Release|Any CPU
	EndGlobalSection
	GlobalSection(SolutionProperties) = preSolution
		HideSolutionNode = FALSE
	EndGlobalSection
	GlobalSection(ExtensibilityGlobals) = postSolution
		SolutionGuid = {FD895F29-5405-4342-8F09-068714DBCA83}
	EndGlobalSection
EndGlobal
