
Microsoft Visual Studio Solution File, Format Version 12.00
# Visual Studio Version 16
VisualStudioVersion = 16.0.33027.164
MinimumVisualStudioVersion = 10.0.40219.1
Project("{FAE04EC0-301F-11D3-BF4B-00C04F79EFBC}") = "Aula4-Ex5", "Aula4-Ex5.csproj", "{DEBF4DB2-61BB-4629-92BE-856E2E3D883A}"
EndProject
Global
	GlobalSection(SolutionConfigurationPlatforms) = preSolution
		Debug|Any CPU = Debug|Any CPU
		Release|Any CPU = Release|Any CPU
	EndGlobalSection
	GlobalSection(ProjectConfigurationPlatforms) = postSolution
		{DEBF4DB2-61BB-4629-92BE-856E2E3D883A}.Debug|Any CPU.ActiveCfg = Debug|Any CPU
		{DEBF4DB2-61BB-4629-92BE-856E2E3D883A}.Debug|Any CPU.Build.0 = Debug|Any CPU
		{DEBF4DB2-61BB-4629-92BE-856E2E3D883A}.Release|Any CPU.ActiveCfg = Release|Any CPU
		{DEBF4DB2-61BB-4629-92BE-856E2E3D883A}.Release|Any CPU.Build.0 = Release|Any CPU
	EndGlobalSection
	GlobalSection(SolutionProperties) = preSolution
		HideSolutionNode = FALSE
	EndGlobalSection
	GlobalSection(ExtensibilityGlobals) = postSolution
		SolutionGuid = {04F54AE6-6771-41EC-A61E-4BF122A257A7}
	EndGlobalSection
EndGlobal
